
Microsoft Visual Studio Solution File, Format Version 12.00
# Visual Studio 15
VisualStudioVersion = 15.0.28010.2026
MinimumVisualStudioVersion = 10.0.40219.1
Project("{FAE04EC0-301F-11D3-BF4B-00C04F79EFBC}") = "ConsoleApp1", "ConsoleApp1\ConsoleApp1.csproj", "{4996A02D-58BF-41DA-8803-7F58547EC68F}"
EndProject
Global
	GlobalSection(SolutionConfigurationPlatforms) = preSolution
		Debug|Any CPU = Debug|Any CPU
		Release|Any CPU = Release|Any CPU
	EndGlobalSection
	GlobalSection(ProjectConfigurationPlatforms) = postSolution
		{4996A02D-58BF-41DA-8803-7F58547EC68F}.Debug|Any CPU.ActiveCfg = Debug|Any CPU
		{4996A02D-58BF-41DA-8803-7F58547EC68F}.Debug|Any CPU.Build.0 = Debug|Any CPU
		{4996A02D-58BF-41DA-8803-7F58547EC68F}.Release|Any CPU.ActiveCfg = Release|Any CPU
		{4996A02D-58BF-41DA-8803-7F58547EC68F}.Release|Any CPU.Build.0 = Release|Any CPU
	EndGlobalSection
	GlobalSection(SolutionProperties) = preSolution
		HideSolutionNode = FALSE
	EndGlobalSection
	GlobalSection(ExtensibilityGlobals) = postSolution
		SolutionGuid = {DAA469AC-B6C4-4DB5-B328-15F7880C5381}
	EndGlobalSection
EndGlobal
